{
  "name": "@blaze/site",
  "version": "6.0.0",
  "lockfileVersion": 1,
  "requires": true,
  "dependencies": {
    "babel-runtime": {
      "version": "6.26.0",
      "resolved": "https://registry.npmjs.org/babel-runtime/-/babel-runtime-6.26.0.tgz",
      "integrity": "sha1-llxwWGaOgrVde/4E/yM3vItWR/4=",
      "dev": true,
      "requires": {
        "core-js": "^2.4.0",
        "regenerator-runtime": "^0.11.0"
      }
    },
    "balanced-match": {
      "version": "1.0.0",
      "resolved": "https://registry.npmjs.org/balanced-match/-/balanced-match-1.0.0.tgz",
      "integrity": "sha1-ibTRmasr7kneFk6gK4nORi1xt2c=",
      "dev": true
    },
    "brace-expansion": {
      "version": "1.1.11",
      "resolved": "https://registry.npmjs.org/brace-expansion/-/brace-expansion-1.1.11.tgz",
      "integrity": "sha512-iCuPHDFgrHX7H2vEI/5xpz07zSHB00TpugqhmYtVmMO6518mCuRMoOYFldEBl0g187ufozdaHgWKcYFb61qGiA==",
      "dev": true,
      "requires": {
        "balanced-match": "^1.0.0",
        "concat-map": "0.0.1"
      }
    },
    "common-tags": {
      "version": "1.8.0",
      "resolved": "https://registry.npmjs.org/common-tags/-/common-tags-1.8.0.tgz",
      "integrity": "sha512-6P6g0uetGpW/sdyUy/iQQCbFF0kWVMSIVSyYz7Zgjcgh8mgw8PQzDNZeyZ5DQ2gM7LBoZPHmnjz8rUthkBG5tw==",
      "dev": true
    },
    "concat-map": {
      "version": "0.0.1",
      "resolved": "https://registry.npmjs.org/concat-map/-/concat-map-0.0.1.tgz",
      "integrity": "sha1-2Klr13/Wjfd5OnMDajug1UBdR3s=",
      "dev": true
    },
    "core-js": {
      "version": "2.6.10",
      "resolved": "https://registry.npmjs.org/core-js/-/core-js-2.6.10.tgz",
      "integrity": "sha512-I39t74+4t+zau64EN1fE5v2W31Adtc/REhzWN+gWRRXg6WH5qAsZm62DHpQ1+Yhe4047T55jvzz7MUqF/dBBlA==",
      "dev": true
    },
    "fs-extra": {
      "version": "4.0.3",
      "resolved": "https://registry.npmjs.org/fs-extra/-/fs-extra-4.0.3.tgz",
      "integrity": "sha512-q6rbdDd1o2mAnQreO7YADIxf/Whx4AHBiRf6d+/cVT8h44ss+lHgxf1FemcqDnQt9X3ct4McHr+JMGlYSsK7Cg==",
      "dev": true,
      "requires": {
        "graceful-fs": "^4.1.2",
        "jsonfile": "^4.0.0",
        "universalify": "^0.1.0"
      }
    },
    "fs.realpath": {
      "version": "1.0.0",
      "resolved": "https://registry.npmjs.org/fs.realpath/-/fs.realpath-1.0.0.tgz",
      "integrity": "sha1-FQStJSMVjKpA20onh8sBQRmU6k8=",
      "dev": true
    },
    "glob": {
      "version": "7.1.6",
      "resolved": "https://registry.npmjs.org/glob/-/glob-7.1.6.tgz",
      "integrity": "sha512-LwaxwyZ72Lk7vZINtNNrywX0ZuLyStrdDtabefZKAY5ZGJhVtgdznluResxNmPitE0SAO+O26sWTHeKSI2wMBA==",
      "dev": true,
      "requires": {
        "fs.realpath": "^1.0.0",
        "inflight": "^1.0.4",
        "inherits": "2",
        "minimatch": "^3.0.4",
        "once": "^1.3.0",
        "path-is-absolute": "^1.0.0"
      }
    },
    "graceful-fs": {
      "version": "4.2.3",
      "resolved": "https://registry.npmjs.org/graceful-fs/-/graceful-fs-4.2.3.tgz",
      "integrity": "sha512-a30VEBm4PEdx1dRB7MFK7BejejvCvBronbLjht+sHuGYj8PHs7M/5Z+rt5lw551vZ7yfTCj4Vuyy3mSJytDWRQ==",
      "dev": true
    },
    "hoek": {
      "version": "4.2.1",
      "resolved": "https://registry.npmjs.org/hoek/-/hoek-4.2.1.tgz",
      "integrity": "sha512-QLg82fGkfnJ/4iy1xZ81/9SIJiq1NGFUMGs6ParyjBZr6jW2Ufj/snDqTHixNlHdPNwN2RLVD0Pi3igeK9+JfA==",
      "dev": true
    },
    "inflight": {
      "version": "1.0.6",
      "resolved": "https://registry.npmjs.org/inflight/-/inflight-1.0.6.tgz",
      "integrity": "sha1-Sb1jMdfQLQwJvJEKEHW6gWW1bfk=",
      "dev": true,
      "requires": {
        "once": "^1.3.0",
        "wrappy": "1"
      }
    },
    "inherits": {
      "version": "2.0.4",
      "resolved": "https://registry.npmjs.org/inherits/-/inherits-2.0.4.tgz",
      "integrity": "sha512-k/vGaX4/Yla3WzyMCvTQOXYeIHvqOKtnqBduzTHpzpQZzAskKMhZ2K+EnBiSM9zGSoIFeMpXKxa4dYeZIQqewQ==",
      "dev": true
    },
    "isemail": {
      "version": "3.2.0",
      "resolved": "https://registry.npmjs.org/isemail/-/isemail-3.2.0.tgz",
      "integrity": "sha512-zKqkK+O+dGqevc93KNsbZ/TqTUFd46MwWjYOoMrjIMZ51eU7DtQG3Wmd9SQQT7i7RVnuTPEiYEWHU3MSbxC1Tg==",
      "dev": true,
      "requires": {
        "punycode": "2.x.x"
      }
    },
    "joi": {
      "version": "11.4.0",
      "resolved": "https://registry.npmjs.org/joi/-/joi-11.4.0.tgz",
      "integrity": "sha512-O7Uw+w/zEWgbL6OcHbyACKSj0PkQeUgmehdoXVSxt92QFCq4+1390Rwh5moI2K/OgC7D8RHRZqHZxT2husMJHA==",
      "dev": true,
      "requires": {
        "hoek": "4.x.x",
        "isemail": "3.x.x",
        "topo": "2.x.x"
      }
    },
    "jsonfile": {
      "version": "4.0.0",
      "resolved": "https://registry.npmjs.org/jsonfile/-/jsonfile-4.0.0.tgz",
      "integrity": "sha1-h3Gq4HmbZAdrdmQPygWPnBDjPss=",
      "dev": true,
      "requires": {
        "graceful-fs": "^4.1.6"
      }
    },
    "lodash._reinterpolate": {
      "version": "3.0.0",
      "resolved": "https://registry.npmjs.org/lodash._reinterpolate/-/lodash._reinterpolate-3.0.0.tgz",
      "integrity": "sha1-DM8tiRZq8Ds2Y8eWU4t1rG4RTZ0=",
      "dev": true
    },
    "lodash.template": {
      "version": "4.5.0",
      "resolved": "https://registry.npmjs.org/lodash.template/-/lodash.template-4.5.0.tgz",
      "integrity": "sha512-84vYFxIkmidUiFxidA/KjjH9pAycqW+h980j7Fuz5qxRtO9pgB7MDFTdys1N7A5mcucRiDyEq4fusljItR1T/A==",
      "dev": true,
      "requires": {
        "lodash._reinterpolate": "^3.0.0",
        "lodash.templatesettings": "^4.0.0"
      }
    },
    "lodash.templatesettings": {
      "version": "4.2.0",
      "resolved": "https://registry.npmjs.org/lodash.templatesettings/-/lodash.templatesettings-4.2.0.tgz",
      "integrity": "sha512-stgLz+i3Aa9mZgnjr/O+v9ruKZsPsndy7qPZOchbqk2cnTU1ZaldKK+v7m54WoKIyxiuMZTKT2H81F8BeAc3ZQ==",
      "dev": true,
      "requires": {
        "lodash._reinterpolate": "^3.0.0"
      }
    },
    "minimatch": {
      "version": "3.0.4",
      "resolved": "https://registry.npmjs.org/minimatch/-/minimatch-3.0.4.tgz",
      "integrity": "sha512-yJHVQEhyqPLUTgt9B83PXu6W3rx4MvvHvSUvToogpwoGDOUQ+yDrR0HRot+yOCdCO7u4hX3pWft6kWBBcqh0UA==",
      "dev": true,
      "requires": {
        "brace-expansion": "^1.1.7"
      }
    },
    "once": {
      "version": "1.4.0",
      "resolved": "https://registry.npmjs.org/once/-/once-1.4.0.tgz",
      "integrity": "sha1-WDsap3WWHUsROsF9nFC6753Xa9E=",
      "dev": true,
      "requires": {
        "wrappy": "1"
      }
    },
    "path-is-absolute": {
      "version": "1.0.1",
      "resolved": "https://registry.npmjs.org/path-is-absolute/-/path-is-absolute-1.0.1.tgz",
      "integrity": "sha1-F0uSaHNVNP+8es5r9TpanhtcX18=",
      "dev": true
    },
    "pretty-bytes": {
      "version": "4.0.2",
      "resolved": "https://registry.npmjs.org/pretty-bytes/-/pretty-bytes-4.0.2.tgz",
      "integrity": "sha1-sr+C5zUNZcbDOqlaqlpPYyf2HNk=",
      "dev": true
    },
    "punycode": {
      "version": "2.1.1",
      "resolved": "https://registry.npmjs.org/punycode/-/punycode-2.1.1.tgz",
      "integrity": "sha512-XRsRjdf+j5ml+y/6GKHPZbrF/8p2Yga0JPtdqTIY2Xe5ohJPD9saDJJLPvp9+NSBprVvevdXZybnj2cv8OEd0A==",
      "dev": true
    },
    "regenerator-runtime": {
      "version": "0.11.1",
      "resolved": "https://registry.npmjs.org/regenerator-runtime/-/regenerator-runtime-0.11.1.tgz",
      "integrity": "sha512-MguG95oij0fC3QV3URf4V2SDYGJhJnJGqvIIgdECeODCT98wSWDAJ94SSuVpYQUoTcGUIL6L4yNB7j1DFFHSBg==",
      "dev": true
    },
    "topo": {
      "version": "2.0.2",
      "resolved": "https://registry.npmjs.org/topo/-/topo-2.0.2.tgz",
      "integrity": "sha1-zVYVdSU5BXwNwEkaYhw7xvvh0YI=",
      "dev": true,
      "requires": {
        "hoek": "4.x.x"
      }
    },
    "universalify": {
      "version": "0.1.2",
      "resolved": "https://registry.npmjs.org/universalify/-/universalify-0.1.2.tgz",
      "integrity": "sha512-rBJeI5CXAlmy1pV+617WB9J63U6XcazHHF2f2dbJix4XzpUF0RS3Zbj0FGIOCAva5P/d/GBOYaACQ1w+0azUkg==",
      "dev": true
    },
    "workbox-background-sync": {
      "version": "3.6.3",
      "resolved": "https://registry.npmjs.org/workbox-background-sync/-/workbox-background-sync-3.6.3.tgz",
      "integrity": "sha512-ypLo0B6dces4gSpaslmDg5wuoUWrHHVJfFWwl1udvSylLdXvnrfhFfriCS42SNEe5lsZtcNZF27W/SMzBlva7Q==",
      "dev": true,
      "requires": {
        "workbox-core": "^3.6.3"
      }
    },
    "workbox-broadcast-cache-update": {
      "version": "3.6.3",
      "resolved": "https://registry.npmjs.org/workbox-broadcast-cache-update/-/workbox-broadcast-cache-update-3.6.3.tgz",
      "integrity": "sha512-pJl4lbClQcvp0SyTiEw0zLSsVYE1RDlCPtpKnpMjxFtu8lCFTAEuVyzxp9w7GF4/b3P4h5nyQ+q7V9mIR7YzGg==",
      "dev": true,
      "requires": {
        "workbox-core": "^3.6.3"
      }
    },
    "workbox-build": {
      "version": "3.4.1",
      "resolved": "https://registry.npmjs.org/workbox-build/-/workbox-build-3.4.1.tgz",
      "integrity": "sha512-Qi04XdHjkXbRN0CV5XO1oqDWbJSIm7VYhxmxjtnVcKK8PrMT6rOUFUi9ziDI+8UQgcXbLK4ZChWf2ptZS1/MbA==",
      "dev": true,
      "requires": {
        "babel-runtime": "^6.26.0",
        "common-tags": "^1.4.0",
        "fs-extra": "^4.0.2",
        "glob": "^7.1.2",
        "joi": "^11.1.1",
        "lodash.template": "^4.4.0",
        "pretty-bytes": "^4.0.2",
        "workbox-background-sync": "^3.4.1",
        "workbox-broadcast-cache-update": "^3.4.1",
        "workbox-cache-expiration": "^3.4.1",
        "workbox-cacheable-response": "^3.4.1",
        "workbox-core": "^3.4.1",
        "workbox-google-analytics": "^3.4.1",
        "workbox-navigation-preload": "^3.4.1",
        "workbox-precaching": "^3.4.1",
        "workbox-range-requests": "^3.4.1",
        "workbox-routing": "^3.4.1",
        "workbox-strategies": "^3.4.1",
        "workbox-streams": "^3.4.1",
        "workbox-sw": "^3.4.1"
      }
    },
    "workbox-cache-expiration": {
      "version": "3.6.3",
      "resolved": "https://registry.npmjs.org/workbox-cache-expiration/-/workbox-cache-expiration-3.6.3.tgz",
      "integrity": "sha512-+ECNph/6doYx89oopO/UolYdDmQtGUgo8KCgluwBF/RieyA1ZOFKfrSiNjztxOrGJoyBB7raTIOlEEwZ1LaHoA==",
      "dev": true,
      "requires": {
        "workbox-core": "^3.6.3"
      }
    },
    "workbox-cacheable-response": {
      "version": "3.6.3",
      "resolved": "https://registry.npmjs.org/workbox-cacheable-response/-/workbox-cacheable-response-3.6.3.tgz",
      "integrity": "sha512-QpmbGA9SLcA7fklBLm06C4zFg577Dt8u3QgLM0eMnnbaVv3rhm4vbmDpBkyTqvgK/Ly8MBDQzlXDtUCswQwqqg==",
      "dev": true,
      "requires": {
        "workbox-core": "^3.6.3"
      }
    },
    "workbox-core": {
      "version": "3.6.3",
      "resolved": "https://registry.npmjs.org/workbox-core/-/workbox-core-3.6.3.tgz",
      "integrity": "sha512-cx9cx0nscPkIWs8Pt98HGrS9/aORuUcSkWjG25GqNWdvD/pSe7/5Oh3BKs0fC+rUshCiyLbxW54q0hA+GqZeSQ==",
      "dev": true
    },
    "workbox-google-analytics": {
      "version": "3.6.3",
      "resolved": "https://registry.npmjs.org/workbox-google-analytics/-/workbox-google-analytics-3.6.3.tgz",
      "integrity": "sha512-RQBUo/6SXtIaQTRFj4RQZ9e1gAl7D8oS5S+Hi173Kk70/BgJjzPwXpC5A249Jv5YfkCOLMQCeF9A27BiD0b0ig==",
      "dev": true,
      "requires": {
        "workbox-background-sync": "^3.6.3",
        "workbox-core": "^3.6.3",
        "workbox-routing": "^3.6.3",
        "workbox-strategies": "^3.6.3"
      }
    },
    "workbox-navigation-preload": {
      "version": "3.6.3",
      "resolved": "https://registry.npmjs.org/workbox-navigation-preload/-/workbox-navigation-preload-3.6.3.tgz",
      "integrity": "sha512-dd26xTX16DUu0i+MhqZK/jQXgfIitu0yATM4jhRXEmpMqQ4MxEeNvl2CgjDMOHBnCVMax+CFZQWwxMx/X/PqCw==",
      "dev": true,
      "requires": {
        "workbox-core": "^3.6.3"
      }
    },
    "workbox-precaching": {
      "version": "3.6.3",
      "resolved": "https://registry.npmjs.org/workbox-precaching/-/workbox-precaching-3.6.3.tgz",
      "integrity": "sha512-aBqT66BuMFviPTW6IpccZZHzpA8xzvZU2OM1AdhmSlYDXOJyb1+Z6blVD7z2Q8VNtV1UVwQIdImIX+hH3C3PIw==",
      "dev": true,
      "requires": {
        "workbox-core": "^3.6.3"
      }
    },
    "workbox-range-requests": {
      "version": "3.6.3",
      "resolved": "https://registry.npmjs.org/workbox-range-requests/-/workbox-range-requests-3.6.3.tgz",
      "integrity": "sha512-R+yLWQy7D9aRF9yJ3QzwYnGFnGDhMUij4jVBUVtkl67oaVoP1ymZ81AfCmfZro2kpPRI+vmNMfxxW531cqdx8A==",
      "dev": true,
      "requires": {
        "workbox-core": "^3.6.3"
      }
    },
    "workbox-routing": {
      "version": "3.6.3",
      "resolved": "https://registry.npmjs.org/workbox-routing/-/workbox-routing-3.6.3.tgz",
      "integrity": "sha512-bX20i95OKXXQovXhFOViOK63HYmXvsIwZXKWbSpVeKToxMrp0G/6LZXnhg82ijj/S5yhKNRf9LeGDzaqxzAwMQ==",
      "dev": true,
      "requires": {
        "workbox-core": "^3.6.3"
      }
    },
    "workbox-strategies": {
      "version": "3.6.3",
      "resolved": "https://registry.npmjs.org/workbox-strategies/-/workbox-strategies-3.6.3.tgz",
      "integrity": "sha512-Pg5eulqeKet2y8j73Yw6xTgLdElktcWExGkzDVCGqfV9JCvnGuEpz5eVsCIK70+k4oJcBCin9qEg3g3CwEIH3g==",
      "dev": true,
      "requires": {
        "workbox-core": "^3.6.3"
      }
    },
    "workbox-streams": {
      "version": "3.6.3",
      "resolved": "https://registry.npmjs.org/workbox-streams/-/workbox-streams-3.6.3.tgz",
      "integrity": "sha512-rqDuS4duj+3aZUYI1LsrD2t9hHOjwPqnUIfrXSOxSVjVn83W2MisDF2Bj+dFUZv4GalL9xqErcFW++9gH+Z27w==",
      "dev": true,
      "requires": {
        "workbox-core": "^3.6.3"
      }
    },
    "workbox-sw": {
      "version": "3.6.3",
      "resolved": "https://registry.npmjs.org/workbox-sw/-/workbox-sw-3.6.3.tgz",
      "integrity": "sha512-IQOUi+RLhvYCiv80RP23KBW/NTtIvzvjex28B8NW1jOm+iV4VIu3VXKXTA6er5/wjjuhmtB28qEAUqADLAyOSg==",
      "dev": true
    },
    "wrappy": {
      "version": "1.0.2",
      "resolved": "https://registry.npmjs.org/wrappy/-/wrappy-1.0.2.tgz",
      "integrity": "sha1-tSQ9jz7BqjXxNkYFvA0QNuMKtp8=",
      "dev": true
    }
  }
}
